
Microsoft Visual Studio Solution File, Format Version 12.00
# Visual Studio Version 17
VisualStudioVersion = 17.9.34607.119
MinimumVisualStudioVersion = 10.0.40219.1
Project("{FAE04EC0-301F-11D3-BF4B-00C04F79EFBC}") = "Memoria", "Memoria\Memoria.csproj", "{A5BB21EC-C3B0-402B-867B-3D3DFAD915C2}"
EndProject
Global
	GlobalSection(SolutionConfigurationPlatforms) = preSolution
		Debug|Any CPU = Debug|Any CPU
		Release|Any CPU = Release|Any CPU
	EndGlobalSection
	GlobalSection(ProjectConfigurationPlatforms) = postSolution
		{A5BB21EC-C3B0-402B-867B-3D3DFAD915C2}.Debug|Any CPU.ActiveCfg = Debug|Any CPU
		{A5BB21EC-C3B0-402B-867B-3D3DFAD915C2}.Debug|Any CPU.Build.0 = Debug|Any CPU
		{A5BB21EC-C3B0-402B-867B-3D3DFAD915C2}.Release|Any CPU.ActiveCfg = Release|Any CPU
		{A5BB21EC-C3B0-402B-867B-3D3DFAD915C2}.Release|Any CPU.Build.0 = Release|Any CPU
	EndGlobalSection
	GlobalSection(SolutionProperties) = preSolution
		HideSolutionNode = FALSE
	EndGlobalSection
	GlobalSection(ExtensibilityGlobals) = postSolution
		SolutionGuid = {F2B80A01-EFFA-4699-8F81-A402EE262B0F}
	EndGlobalSection
EndGlobal
